// !$*UTF8*$!
{
	archiveVersion = 1;
	classes = {
	};
	objectVersion = 46;
	objects = {

/* Begin PBXBuildFile section */
		3A0322371E8DFFBD0080E13F /* AppDelegate.swift in Sources */ = {isa = PBXBuildFile; fileRef = 3A0322361E8DFFBD0080E13F /* AppDelegate.swift */; };
		3A03223E1E8DFFBD0080E13F /* Assets.xcassets in Resources */ = {isa = PBXBuildFile; fileRef = 3A03223D1E8DFFBD0080E13F /* Assets.xcassets */; };
		3A0322411E8DFFBD0080E13F /* LaunchScreen.storyboard in Resources */ = {isa = PBXBuildFile; fileRef = 3A03223F1E8DFFBD0080E13F /* LaunchScreen.storyboard */; };
		3A6020D91E9751EC00FBE08C /* ViewController.swift in Sources */ = {isa = PBXBuildFile; fileRef = 3A6020D81E9751EC00FBE08C /* ViewController.swift */; };
		3A6020DB1E9E0C6B00FBE08C /* EBTransaction.swift in Sources */ = {isa = PBXBuildFile; fileRef = 3A6020DA1E9E0C6B00FBE08C /* EBTransaction.swift */; };
		3AAD8AFE1E929AB60013CE98 /* EBCentralManagerMaker.swift in Sources */ = {isa = PBXBuildFile; fileRef = 3AAD8AF01E929AB60013CE98 /* EBCentralManagerMaker.swift */; };
		3AAD8AFF1E929AB60013CE98 /* EBCharacteristicMaker.swift in Sources */ = {isa = PBXBuildFile; fileRef = 3AAD8AF11E929AB60013CE98 /* EBCharacteristicMaker.swift */; };
		3AAD8B001E929AB60013CE98 /* EBPeripheralManagerMaker.swift in Sources */ = {isa = PBXBuildFile; fileRef = 3AAD8AF21E929AB60013CE98 /* EBPeripheralManagerMaker.swift */; };
		3AAD8B011E929AB60013CE98 /* EBServiceMaker.swift in Sources */ = {isa = PBXBuildFile; fileRef = 3AAD8AF31E929AB60013CE98 /* EBServiceMaker.swift */; };
		3AAD8B021E929AB60013CE98 /* EBCentralManager.swift in Sources */ = {isa = PBXBuildFile; fileRef = 3AAD8AF51E929AB60013CE98 /* EBCentralManager.swift */; };
		3AAD8B031E929AB60013CE98 /* EBDefinitions.swift in Sources */ = {isa = PBXBuildFile; fileRef = 3AAD8AF61E929AB60013CE98 /* EBDefinitions.swift */; };
		3AAD8B041E929AB60013CE98 /* EBPeripheralManager.swift in Sources */ = {isa = PBXBuildFile; fileRef = 3AAD8AF71E929AB60013CE98 /* EBPeripheralManager.swift */; };
		3AAD8B061E929AB60013CE98 /* ExtendaBLE.swift in Sources */ = {isa = PBXBuildFile; fileRef = 3AAD8AFA1E929AB60013CE98 /* ExtendaBLE.swift */; };
		3AAD8B071E929AB60013CE98 /* Data+BLE.swift in Sources */ = {isa = PBXBuildFile; fileRef = 3AAD8AFC1E929AB60013CE98 /* Data+BLE.swift */; };
		3AAD8B081E929AB60013CE98 /* Data+BLEConversion.swift in Sources */ = {isa = PBXBuildFile; fileRef = 3AAD8AFD1E929AB60013CE98 /* Data+BLEConversion.swift */; };
		3AD483531E9FD9AB00505FDA /* Logger.swift in Sources */ = {isa = PBXBuildFile; fileRef = 3AD483521E9FD9AB00505FDA /* Logger.swift */; };
/* End PBXBuildFile section */

/* Begin PBXFileReference section */
		3A0322331E8DFFBD0080E13F /* ExtendaBLE-iOS-Demo.app */ = {isa = PBXFileReference; explicitFileType = wrapper.application; includeInIndex = 0; path = "ExtendaBLE-iOS-Demo.app"; sourceTree = BUILT_PRODUCTS_DIR; };
		3A0322361E8DFFBD0080E13F /* AppDelegate.swift */ = {isa = PBXFileReference; lastKnownFileType = sourcecode.swift; path = AppDelegate.swift; sourceTree = "<group>"; };
		3A03223D1E8DFFBD0080E13F /* Assets.xcassets */ = {isa = PBXFileReference; lastKnownFileType = folder.assetcatalog; path = Assets.xcassets; sourceTree = "<group>"; };
		3A0322401E8DFFBD0080E13F /* Base */ = {isa = PBXFileReference; lastKnownFileType = file.storyboard; name = Base; path = Base.lproj/LaunchScreen.storyboard; sourceTree = "<group>"; };
		3A0322421E8DFFBD0080E13F /* Info.plist */ = {isa = PBXFileReference; lastKnownFileType = text.plist.xml; path = Info.plist; sourceTree = "<group>"; };
		3A6020D81E9751EC00FBE08C /* ViewController.swift */ = {isa = PBXFileReference; fileEncoding = 4; lastKnownFileType = sourcecode.swift; name = ViewController.swift; path = ../../Shared/ViewController.swift; sourceTree = "<group>"; };
		3A6020DA1E9E0C6B00FBE08C /* EBTransaction.swift */ = {isa = PBXFileReference; fileEncoding = 4; lastKnownFileType = sourcecode.swift; name = EBTransaction.swift; path = ../../Source/EBTransaction/EBTransaction.swift; sourceTree = "<group>"; };
		3AAD8AF01E929AB60013CE98 /* EBCentralManagerMaker.swift */ = {isa = PBXFileReference; fileEncoding = 4; lastKnownFileType = sourcecode.swift; path = EBCentralManagerMaker.swift; sourceTree = "<group>"; };
		3AAD8AF11E929AB60013CE98 /* EBCharacteristicMaker.swift */ = {isa = PBXFileReference; fileEncoding = 4; lastKnownFileType = sourcecode.swift; path = EBCharacteristicMaker.swift; sourceTree = "<group>"; };
		3AAD8AF21E929AB60013CE98 /* EBPeripheralManagerMaker.swift */ = {isa = PBXFileReference; fileEncoding = 4; lastKnownFileType = sourcecode.swift; path = EBPeripheralManagerMaker.swift; sourceTree = "<group>"; };
		3AAD8AF31E929AB60013CE98 /* EBServiceMaker.swift */ = {isa = PBXFileReference; fileEncoding = 4; lastKnownFileType = sourcecode.swift; path = EBServiceMaker.swift; sourceTree = "<group>"; };
		3AAD8AF51E929AB60013CE98 /* EBCentralManager.swift */ = {isa = PBXFileReference; fileEncoding = 4; lastKnownFileType = sourcecode.swift; path = EBCentralManager.swift; sourceTree = "<group>"; };
		3AAD8AF61E929AB60013CE98 /* EBDefinitions.swift */ = {isa = PBXFileReference; fileEncoding = 4; lastKnownFileType = sourcecode.swift; path = EBDefinitions.swift; sourceTree = "<group>"; };
		3AAD8AF71E929AB60013CE98 /* EBPeripheralManager.swift */ = {isa = PBXFileReference; fileEncoding = 4; lastKnownFileType = sourcecode.swift; path = EBPeripheralManager.swift; sourceTree = "<group>"; };
		3AAD8AFA1E929AB60013CE98 /* ExtendaBLE.swift */ = {isa = PBXFileReference; fileEncoding = 4; lastKnownFileType = sourcecode.swift; path = ExtendaBLE.swift; sourceTree = "<group>"; };
		3AAD8AFC1E929AB60013CE98 /* Data+BLE.swift */ = {isa = PBXFileReference; fileEncoding = 4; lastKnownFileType = sourcecode.swift; path = "Data+BLE.swift"; sourceTree = "<group>"; };
		3AAD8AFD1E929AB60013CE98 /* Data+BLEConversion.swift */ = {isa = PBXFileReference; fileEncoding = 4; lastKnownFileType = sourcecode.swift; path = "Data+BLEConversion.swift"; sourceTree = "<group>"; };
		3AD483521E9FD9AB00505FDA /* Logger.swift */ = {isa = PBXFileReference; fileEncoding = 4; lastKnownFileType = sourcecode.swift; path = Logger.swift; sourceTree = "<group>"; };
/* End PBXFileReference section */

/* Begin PBXFrameworksBuildPhase section */
		3A0322301E8DFFBD0080E13F /* Frameworks */ = {
			isa = PBXFrameworksBuildPhase;
			buildActionMask = 2147483647;
			files = (
			);
			runOnlyForDeploymentPostprocessing = 0;
		};
/* End PBXFrameworksBuildPhase section */

/* Begin PBXGroup section */
		3A03222A1E8DFFBD0080E13F = {
			isa = PBXGroup;
			children = (
				3AAD8AEE1E929AB60013CE98 /* Source */,
				3A0322351E8DFFBD0080E13F /* ExtendaBLE-Demo */,
				3A0322341E8DFFBD0080E13F /* Products */,
			);
			sourceTree = "<group>";
		};
		3A0322341E8DFFBD0080E13F /* Products */ = {
			isa = PBXGroup;
			children = (
				3A0322331E8DFFBD0080E13F /* ExtendaBLE-iOS-Demo.app */,
			);
			name = Products;
			sourceTree = "<group>";
		};
		3A0322351E8DFFBD0080E13F /* ExtendaBLE-Demo */ = {
			isa = PBXGroup;
			children = (
				3A0322361E8DFFBD0080E13F /* AppDelegate.swift */,
				3A6020D81E9751EC00FBE08C /* ViewController.swift */,
				3A0322481E8E00410080E13F /* Supporting Files */,
			);
			path = "ExtendaBLE-Demo";
			sourceTree = "<group>";
		};
		3A0322481E8E00410080E13F /* Supporting Files */ = {
			isa = PBXGroup;
			children = (
				3A03223D1E8DFFBD0080E13F /* Assets.xcassets */,
				3A03223F1E8DFFBD0080E13F /* LaunchScreen.storyboard */,
				3A0322421E8DFFBD0080E13F /* Info.plist */,
			);
			name = "Supporting Files";
			sourceTree = "<group>";
		};
		3AAD8AEE1E929AB60013CE98 /* Source */ = {
			isa = PBXGroup;
			children = (
				3AAD8AFA1E929AB60013CE98 /* ExtendaBLE.swift */,
				3AAD8AF41E929AB60013CE98 /* EBManager */,
				3AAD8AEF1E929AB60013CE98 /* EBMaker */,
				3AAD8AF81E929AB60013CE98 /* EBTransaction */,
				3AAD8AFB1E929AB60013CE98 /* Extensions */,
				3AD483511E9FD9AB00505FDA /* Logger */,
			);
			name = Source;
			path = ../../Source;
			sourceTree = "<group>";
		};
		3AAD8AEF1E929AB60013CE98 /* EBMaker */ = {
			isa = PBXGroup;
			children = (
				3AAD8AF01E929AB60013CE98 /* EBCentralManagerMaker.swift */,
				3AAD8AF21E929AB60013CE98 /* EBPeripheralManagerMaker.swift */,
				3AAD8AF31E929AB60013CE98 /* EBServiceMaker.swift */,
				3AAD8AF11E929AB60013CE98 /* EBCharacteristicMaker.swift */,
			);
			path = EBMaker;
			sourceTree = "<group>";
		};
		3AAD8AF41E929AB60013CE98 /* EBManager */ = {
			isa = PBXGroup;
			children = (
				3AAD8AF61E929AB60013CE98 /* EBDefinitions.swift */,
				3AAD8AF51E929AB60013CE98 /* EBCentralManager.swift */,
				3AAD8AF71E929AB60013CE98 /* EBPeripheralManager.swift */,
			);
			path = EBManager;
			sourceTree = "<group>";
		};
		3AAD8AF81E929AB60013CE98 /* EBTransaction */ = {
			isa = PBXGroup;
			children = (
				3A6020DA1E9E0C6B00FBE08C /* EBTransaction.swift */,
			);
			name = EBTransaction;
			path = "../ExtendaBLE-Demo/Shared";
			sourceTree = "<group>";
		};
		3AAD8AFB1E929AB60013CE98 /* Extensions */ = {
			isa = PBXGroup;
			children = (
				3AAD8AFC1E929AB60013CE98 /* Data+BLE.swift */,
				3AAD8AFD1E929AB60013CE98 /* Data+BLEConversion.swift */,
			);
			path = Extensions;
			sourceTree = "<group>";
		};
		3AD483511E9FD9AB00505FDA /* Logger */ = {
			isa = PBXGroup;
			children = (
				3AD483521E9FD9AB00505FDA /* Logger.swift */,
			);
			path = Logger;
			sourceTree = "<group>";
		};
/* End PBXGroup section */

/* Begin PBXNativeTarget section */
		3A0322321E8DFFBD0080E13F /* ExtendaBLE-iOS-Demo */ = {
			isa = PBXNativeTarget;
			buildConfigurationList = 3A0322451E8DFFBD0080E13F /* Build configuration list for PBXNativeTarget "ExtendaBLE-iOS-Demo" */;
			buildPhases = (
				3A03222F1E8DFFBD0080E13F /* Sources */,
				3A0322301E8DFFBD0080E13F /* Frameworks */,
				3A0322311E8DFFBD0080E13F /* Resources */,
			);
			buildRules = (
			);
			dependencies = (
			);
			name = "ExtendaBLE-iOS-Demo";
			productName = "ExtendaBLE-Demo";
			productReference = 3A0322331E8DFFBD0080E13F /* ExtendaBLE-iOS-Demo.app */;
			productType = "com.apple.product-type.application";
		};
/* End PBXNativeTarget section */

/* Begin PBXProject section */
		3A03222B1E8DFFBD0080E13F /* Project object */ = {
			isa = PBXProject;
			attributes = {
				LastSwiftUpdateCheck = 0830;
				LastUpgradeCheck = 0830;
				ORGANIZATIONNAME = "Anton Doudarev";
				TargetAttributes = {
					3A0322321E8DFFBD0080E13F = {
						CreatedOnToolsVersion = 8.3;
						DevelopmentTeam = WQAUP4LZJV;
						ProvisioningStyle = Automatic;
						SystemCapabilities = {
							com.apple.BackgroundModes = {
								enabled = 1;
							};
						};
					};
				};
			};
			buildConfigurationList = 3A03222E1E8DFFBD0080E13F /* Build configuration list for PBXProject "ExtendaBLE-iOS-Demo" */;
			compatibilityVersion = "Xcode 3.2";
			developmentRegion = English;
			hasScannedForEncodings = 0;
			knownRegions = (
				en,
				Base,
			);
			mainGroup = 3A03222A1E8DFFBD0080E13F;
			productRefGroup = 3A0322341E8DFFBD0080E13F /* Products */;
			projectDirPath = "";
			projectRoot = "";
			targets = (
				3A0322321E8DFFBD0080E13F /* ExtendaBLE-iOS-Demo */,
			);
		};
/* End PBXProject section */

/* Begin PBXResourcesBuildPhase section */
		3A0322311E8DFFBD0080E13F /* Resources */ = {
			isa = PBXResourcesBuildPhase;
			buildActionMask = 2147483647;
			files = (
				3A0322411E8DFFBD0080E13F /* LaunchScreen.storyboard in Resources */,
				3A03223E1E8DFFBD0080E13F /* Assets.xcassets in Resources */,
			);
			runOnlyForDeploymentPostprocessing = 0;
		};
/* End PBXResourcesBuildPhase section */

/* Begin PBXSourcesBuildPhase section */
		3A03222F1E8DFFBD0080E13F /* Sources */ = {
			isa = PBXSourcesBuildPhase;
			buildActionMask = 2147483647;
			files = (
				3AAD8B031E929AB60013CE98 /* EBDefinitions.swift in Sources */,
				3AAD8B021E929AB60013CE98 /* EBCentralManager.swift in Sources */,
				3A6020DB1E9E0C6B00FBE08C /* EBTransaction.swift in Sources */,
				3AAD8B041E929AB60013CE98 /* EBPeripheralManager.swift in Sources */,
				3AAD8B071E929AB60013CE98 /* Data+BLE.swift in Sources */,
				3AAD8B081E929AB60013CE98 /* Data+BLEConversion.swift in Sources */,
				3A0322371E8DFFBD0080E13F /* AppDelegate.swift in Sources */,
				3AAD8AFF1E929AB60013CE98 /* EBCharacteristicMaker.swift in Sources */,
				3A6020D91E9751EC00FBE08C /* ViewController.swift in Sources */,
				3AAD8B001E929AB60013CE98 /* EBPeripheralManagerMaker.swift in Sources */,
				3AAD8B061E929AB60013CE98 /* ExtendaBLE.swift in Sources */,
				3AD483531E9FD9AB00505FDA /* Logger.swift in Sources */,
				3AAD8AFE1E929AB60013CE98 /* EBCentralManagerMaker.swift in Sources */,
				3AAD8B011E929AB60013CE98 /* EBServiceMaker.swift in Sources */,
			);
			runOnlyForDeploymentPostprocessing = 0;
		};
/* End PBXSourcesBuildPhase section */

/* Begin PBXVariantGroup section */
		3A03223F1E8DFFBD0080E13F /* LaunchScreen.storyboard */ = {
			isa = PBXVariantGroup;
			children = (
				3A0322401E8DFFBD0080E13F /* Base */,
			);
			name = LaunchScreen.storyboard;
			sourceTree = "<group>";
		};
/* End PBXVariantGroup section */

/* Begin XCBuildConfiguration section */
		3A0322431E8DFFBD0080E13F /* Debug */ = {
			isa = XCBuildConfiguration;
			buildSettings = {
				ALWAYS_SEARCH_USER_PATHS = NO;
				CLANG_ANALYZER_NONNULL = YES;
				CLANG_ANALYZER_NUMBER_OBJECT_CONVERSION = YES_AGGRESSIVE;
				CLANG_CXX_LANGUAGE_STANDARD = "gnu++0x";
				CLANG_CXX_LIBRARY = "libc++";
				CLANG_ENABLE_MODULES = YES;
				CLANG_ENABLE_OBJC_ARC = YES;
				CLANG_WARN_BOOL_CONVERSION = YES;
				CLANG_WARN_CONSTANT_CONVERSION = YES;
				CLANG_WARN_DIRECT_OBJC_ISA_USAGE = YES_ERROR;
				CLANG_WARN_DOCUMENTATION_COMMENTS = YES;
				CLANG_WARN_EMPTY_BODY = YES;
				CLANG_WARN_ENUM_CONVERSION = YES;
				CLANG_WARN_INFINITE_RECURSION = YES;
				CLANG_WARN_INT_CONVERSION = YES;
				CLANG_WARN_OBJC_ROOT_CLASS = YES_ERROR;
				CLANG_WARN_SUSPICIOUS_MOVE = YES;
				CLANG_WARN_UNREACHABLE_CODE = YES;
				CLANG_WARN__DUPLICATE_METHOD_MATCH = YES;
				"CODE_SIGN_IDENTITY[sdk=iphoneos*]" = "iPhone Developer";
				COPY_PHASE_STRIP = NO;
				DEBUG_INFORMATION_FORMAT = dwarf;
				ENABLE_STRICT_OBJC_MSGSEND = YES;
				ENABLE_TESTABILITY = YES;
				GCC_C_LANGUAGE_STANDARD = gnu99;
				GCC_DYNAMIC_NO_PIC = NO;
				GCC_NO_COMMON_BLOCKS = YES;
				GCC_OPTIMIZATION_LEVEL = 0;
				GCC_PREPROCESSOR_DEFINITIONS = (
					"DEBUG=1",
					"$(inherited)",
				);
				GCC_WARN_64_TO_32_BIT_CONVERSION = YES;
				GCC_WARN_ABOUT_RETURN_TYPE = YES_ERROR;
				GCC_WARN_UNDECLARED_SELECTOR = YES;
				GCC_WARN_UNINITIALIZED_AUTOS = YES_AGGRESSIVE;
				GCC_WARN_UNUSED_FUNCTION = YES;
				GCC_WARN_UNUSED_VARIABLE = YES;
				IPHONEOS_DEPLOYMENT_TARGET = 10.3;
				MTL_ENABLE_DEBUG_INFO = YES;
				ONLY_ACTIVE_ARCH = YES;
				SDKROOT = iphoneos;
				SWIFT_ACTIVE_COMPILATION_CONDITIONS = "-DDebug";
				SWIFT_OPTIMIZATION_LEVEL = "-Onone";
			};
			name = Debug;
		};
		3A0322441E8DFFBD0080E13F /* Release */ = {
			isa = XCBuildConfiguration;
			buildSettings = {
				ALWAYS_SEARCH_USER_PATHS = NO;
				CLANG_ANALYZER_NONNULL = YES;
				CLANG_ANALYZER_NUMBER_OBJECT_CONVERSION = YES_AGGRESSIVE;
				CLANG_CXX_LANGUAGE_STANDARD = "gnu++0x";
				CLANG_CXX_LIBRARY = "libc++";
				CLANG_ENABLE_MODULES = YES;
				CLANG_ENABLE_OBJC_ARC = YES;
				CLANG_WARN_BOOL_CONVERSION = YES;
				CLANG_WARN_CONSTANT_CONVERSION = YES;
				CLANG_WARN_DIRECT_OBJC_ISA_USAGE = YES_ERROR;
				CLANG_WARN_DOCUMENTATION_COMMENTS = YES;
				CLANG_WARN_EMPTY_BODY = YES;
				CLANG_WARN_ENUM_CONVERSION = YES;
				CLANG_WARN_INFINITE_RECURSION = YES;
				CLANG_WARN_INT_CONVERSION = YES;
				CLANG_WARN_OBJC_ROOT_CLASS = YES_ERROR;
				CLANG_WARN_SUSPICIOUS_MOVE = YES;
				CLANG_WARN_UNREACHABLE_CODE = YES;
				CLANG_WARN__DUPLICATE_METHOD_MATCH = YES;
				"CODE_SIGN_IDENTITY[sdk=iphoneos*]" = "iPhone Developer";
				COPY_PHASE_STRIP = NO;
				DEBUG_INFORMATION_FORMAT = "dwarf-with-dsym";
				ENABLE_NS_ASSERTIONS = NO;
				ENABLE_STRICT_OBJC_MSGSEND = YES;
				GCC_C_LANGUAGE_STANDARD = gnu99;
				GCC_NO_COMMON_BLOCKS = YES;
				GCC_WARN_64_TO_32_BIT_CONVERSION = YES;
				GCC_WARN_ABOUT_RETURN_TYPE = YES_ERROR;
				GCC_WARN_UNDECLARED_SELECTOR = YES;
				GCC_WARN_UNINITIALIZED_AUTOS = YES_AGGRESSIVE;
				GCC_WARN_UNUSED_FUNCTION = YES;
				GCC_WARN_UNUSED_VARIABLE = YES;
				IPHONEOS_DEPLOYMENT_TARGET = 10.3;
				MTL_ENABLE_DEBUG_INFO = NO;
				SDKROOT = iphoneos;
				SWIFT_OPTIMIZATION_LEVEL = "-Owholemodule";
				VALIDATE_PRODUCT = YES;
			};
			name = Release;
		};
		3A0322461E8DFFBD0080E13F /* Debug */ = {
			isa = XCBuildConfiguration;
			buildSettings = {
				ASSETCATALOG_COMPILER_APPICON_NAME = AppIcon;
				DEVELOPMENT_TEAM = WQAUP4LZJV;
				INFOPLIST_FILE = "ExtendaBLE-Demo/Info.plist";
				IPHONEOS_DEPLOYMENT_TARGET = 10.0;
				LD_RUNPATH_SEARCH_PATHS = "$(inherited) @executable_path/Frameworks";
				PRODUCT_BUNDLE_IDENTIFIER = "com.iagd.extendable-demo-ios.ExtendaBLE-Demo";
				PRODUCT_NAME = "$(TARGET_NAME)";
				SWIFT_ACTIVE_COMPILATION_CONDITIONS = "-DDebug";
				SWIFT_VERSION = 3.0;
			};
			name = Debug;
		};
		3A0322471E8DFFBD0080E13F /* Release */ = {
			isa = XCBuildConfiguration;
			buildSettings = {
				ASSETCATALOG_COMPILER_APPICON_NAME = AppIcon;
				DEVELOPMENT_TEAM = WQAUP4LZJV;
				INFOPLIST_FILE = "ExtendaBLE-Demo/Info.plist";
				IPHONEOS_DEPLOYMENT_TARGET = 10.0;
				LD_RUNPATH_SEARCH_PATHS = "$(inherited) @executable_path/Frameworks";
				PRODUCT_BUNDLE_IDENTIFIER = "com.iagd.extendable-demo-ios.ExtendaBLE-Demo";
				PRODUCT_NAME = "$(TARGET_NAME)";
				SWIFT_VERSION = 3.0;
			};
			name = Release;
		};
/* End XCBuildConfiguration section */

/* Begin XCConfigurationList section */
		3A03222E1E8DFFBD0080E13F /* Build configuration list for PBXProject "ExtendaBLE-iOS-Demo" */ = {
			isa = XCConfigurationList;
			buildConfigurations = (
				3A0322431E8DFFBD0080E13F /* Debug */,
				3A0322441E8DFFBD0080E13F /* Release */,
			);
			defaultConfigurationIsVisible = 0;
			defaultConfigurationName = Release;
		};
		3A0322451E8DFFBD0080E13F /* Build configuration list for PBXNativeTarget "ExtendaBLE-iOS-Demo" */ = {
			isa = XCConfigurationList;
			buildConfigurations = (
				3A0322461E8DFFBD0080E13F /* Debug */,
				3A0322471E8DFFBD0080E13F /* Release */,
			);
			defaultConfigurationIsVisible = 0;
			defaultConfigurationName = Release;
		};
/* End XCConfigurationList section */
	};
	rootObject = 3A03222B1E8DFFBD0080E13F /* Project object */;
}
