// !$*UTF8*$!
{
	archiveVersion = 1;
	classes = {
	};
	objectVersion = 48;
	objects = {

/* Begin PBXBuildFile section */
		130370521FB4A7FF00765E65 /* AppDelegate.swift in Sources */ = {isa = PBXBuildFile; fileRef = 130370511FB4A7FF00765E65 /* AppDelegate.swift */; };
		130370561FB4A7FF00765E65 /* Assets.xcassets in Resources */ = {isa = PBXBuildFile; fileRef = 130370551FB4A7FF00765E65 /* Assets.xcassets */; };
		130370591FB4A7FF00765E65 /* Main.storyboard in Resources */ = {isa = PBXBuildFile; fileRef = 130370571FB4A7FF00765E65 /* Main.storyboard */; };
		130370811FB4A80C00765E65 /* EBCentralManagerMaker.swift in Sources */ = {isa = PBXBuildFile; fileRef = 130370711FB4A80C00765E65 /* EBCentralManagerMaker.swift */; };
		130370821FB4A80C00765E65 /* EBCharacteristicMaker.swift in Sources */ = {isa = PBXBuildFile; fileRef = 130370721FB4A80C00765E65 /* EBCharacteristicMaker.swift */; };
		130370831FB4A80C00765E65 /* EBPeripheralManagerMaker.swift in Sources */ = {isa = PBXBuildFile; fileRef = 130370731FB4A80C00765E65 /* EBPeripheralManagerMaker.swift */; };
		130370841FB4A80C00765E65 /* EBServiceMaker.swift in Sources */ = {isa = PBXBuildFile; fileRef = 130370741FB4A80C00765E65 /* EBServiceMaker.swift */; };
		130370851FB4A80C00765E65 /* EBCentralManager.swift in Sources */ = {isa = PBXBuildFile; fileRef = 130370761FB4A80C00765E65 /* EBCentralManager.swift */; };
		130370861FB4A80C00765E65 /* EBDefinitions.swift in Sources */ = {isa = PBXBuildFile; fileRef = 130370771FB4A80C00765E65 /* EBDefinitions.swift */; };
		130370871FB4A80C00765E65 /* EBPeripheralManager.swift in Sources */ = {isa = PBXBuildFile; fileRef = 130370781FB4A80C00765E65 /* EBPeripheralManager.swift */; };
		130370881FB4A80C00765E65 /* EBTransaction.swift in Sources */ = {isa = PBXBuildFile; fileRef = 1303707A1FB4A80C00765E65 /* EBTransaction.swift */; };
		130370891FB4A80C00765E65 /* ExtendaBLE.swift in Sources */ = {isa = PBXBuildFile; fileRef = 1303707B1FB4A80C00765E65 /* ExtendaBLE.swift */; };
		1303708A1FB4A80C00765E65 /* Data+BLE.swift in Sources */ = {isa = PBXBuildFile; fileRef = 1303707D1FB4A80C00765E65 /* Data+BLE.swift */; };
		1303708B1FB4A80C00765E65 /* Data+BLEConversion.swift in Sources */ = {isa = PBXBuildFile; fileRef = 1303707E1FB4A80C00765E65 /* Data+BLEConversion.swift */; };
		1303708C1FB4A80C00765E65 /* Logger.swift in Sources */ = {isa = PBXBuildFile; fileRef = 130370801FB4A80C00765E65 /* Logger.swift */; };
		130370941FB4A82300765E65 /* ExtendaBLECMMakerTests.swift in Sources */ = {isa = PBXBuildFile; fileRef = 1303708E1FB4A82300765E65 /* ExtendaBLECMMakerTests.swift */; };
		130370951FB4A82300765E65 /* ExtendaBLECMReadWriteTests.swift in Sources */ = {isa = PBXBuildFile; fileRef = 1303708F1FB4A82300765E65 /* ExtendaBLECMReadWriteTests.swift */; };
		130370961FB4A82300765E65 /* ExtendaBLEPMMakerTests.swift in Sources */ = {isa = PBXBuildFile; fileRef = 130370911FB4A82300765E65 /* ExtendaBLEPMMakerTests.swift */; };
		130370971FB4A82300765E65 /* ExtendaBLEPMReadWriteTests.swift in Sources */ = {isa = PBXBuildFile; fileRef = 130370921FB4A82300765E65 /* ExtendaBLEPMReadWriteTests.swift */; };
		130370981FB4A82300765E65 /* ExtendaBLETestConstants.swift in Sources */ = {isa = PBXBuildFile; fileRef = 130370931FB4A82300765E65 /* ExtendaBLETestConstants.swift */; };
		1303709A1FB4A82F00765E65 /* ViewController.swift in Sources */ = {isa = PBXBuildFile; fileRef = 130370991FB4A82F00765E65 /* ViewController.swift */; };
/* End PBXBuildFile section */

/* Begin PBXContainerItemProxy section */
		130370611FB4A7FF00765E65 /* PBXContainerItemProxy */ = {
			isa = PBXContainerItemProxy;
			containerPortal = 130370461FB4A7FF00765E65 /* Project object */;
			proxyType = 1;
			remoteGlobalIDString = 1303704D1FB4A7FF00765E65;
			remoteInfo = "ExtendaBLE-OSX-Demo";
		};
/* End PBXContainerItemProxy section */

/* Begin PBXFileReference section */
		1303704E1FB4A7FF00765E65 /* ExtendaBLE-OSX-Demo.app */ = {isa = PBXFileReference; explicitFileType = wrapper.application; includeInIndex = 0; path = "ExtendaBLE-OSX-Demo.app"; sourceTree = BUILT_PRODUCTS_DIR; };
		130370511FB4A7FF00765E65 /* AppDelegate.swift */ = {isa = PBXFileReference; lastKnownFileType = sourcecode.swift; path = AppDelegate.swift; sourceTree = "<group>"; };
		130370551FB4A7FF00765E65 /* Assets.xcassets */ = {isa = PBXFileReference; lastKnownFileType = folder.assetcatalog; path = Assets.xcassets; sourceTree = "<group>"; };
		130370581FB4A7FF00765E65 /* Base */ = {isa = PBXFileReference; lastKnownFileType = file.storyboard; name = Base; path = Base.lproj/Main.storyboard; sourceTree = "<group>"; };
		1303705A1FB4A7FF00765E65 /* Info.plist */ = {isa = PBXFileReference; lastKnownFileType = text.plist.xml; path = Info.plist; sourceTree = "<group>"; };
		1303705B1FB4A7FF00765E65 /* ExtendaBLE_OSX_Demo.entitlements */ = {isa = PBXFileReference; lastKnownFileType = text.plist.entitlements; path = ExtendaBLE_OSX_Demo.entitlements; sourceTree = "<group>"; };
		130370601FB4A7FF00765E65 /* ExtendaBLE-OSX-DemoTests.xctest */ = {isa = PBXFileReference; explicitFileType = wrapper.cfbundle; includeInIndex = 0; path = "ExtendaBLE-OSX-DemoTests.xctest"; sourceTree = BUILT_PRODUCTS_DIR; };
		130370661FB4A7FF00765E65 /* Info.plist */ = {isa = PBXFileReference; lastKnownFileType = text.plist.xml; path = Info.plist; sourceTree = "<group>"; };
		130370711FB4A80C00765E65 /* EBCentralManagerMaker.swift */ = {isa = PBXFileReference; fileEncoding = 4; lastKnownFileType = sourcecode.swift; path = EBCentralManagerMaker.swift; sourceTree = "<group>"; };
		130370721FB4A80C00765E65 /* EBCharacteristicMaker.swift */ = {isa = PBXFileReference; fileEncoding = 4; lastKnownFileType = sourcecode.swift; path = EBCharacteristicMaker.swift; sourceTree = "<group>"; };
		130370731FB4A80C00765E65 /* EBPeripheralManagerMaker.swift */ = {isa = PBXFileReference; fileEncoding = 4; lastKnownFileType = sourcecode.swift; path = EBPeripheralManagerMaker.swift; sourceTree = "<group>"; };
		130370741FB4A80C00765E65 /* EBServiceMaker.swift */ = {isa = PBXFileReference; fileEncoding = 4; lastKnownFileType = sourcecode.swift; path = EBServiceMaker.swift; sourceTree = "<group>"; };
		130370761FB4A80C00765E65 /* EBCentralManager.swift */ = {isa = PBXFileReference; fileEncoding = 4; lastKnownFileType = sourcecode.swift; path = EBCentralManager.swift; sourceTree = "<group>"; };
		130370771FB4A80C00765E65 /* EBDefinitions.swift */ = {isa = PBXFileReference; fileEncoding = 4; lastKnownFileType = sourcecode.swift; path = EBDefinitions.swift; sourceTree = "<group>"; };
		130370781FB4A80C00765E65 /* EBPeripheralManager.swift */ = {isa = PBXFileReference; fileEncoding = 4; lastKnownFileType = sourcecode.swift; path = EBPeripheralManager.swift; sourceTree = "<group>"; };
		1303707A1FB4A80C00765E65 /* EBTransaction.swift */ = {isa = PBXFileReference; fileEncoding = 4; lastKnownFileType = sourcecode.swift; path = EBTransaction.swift; sourceTree = "<group>"; };
		1303707B1FB4A80C00765E65 /* ExtendaBLE.swift */ = {isa = PBXFileReference; fileEncoding = 4; lastKnownFileType = sourcecode.swift; path = ExtendaBLE.swift; sourceTree = "<group>"; };
		1303707D1FB4A80C00765E65 /* Data+BLE.swift */ = {isa = PBXFileReference; fileEncoding = 4; lastKnownFileType = sourcecode.swift; path = "Data+BLE.swift"; sourceTree = "<group>"; };
		1303707E1FB4A80C00765E65 /* Data+BLEConversion.swift */ = {isa = PBXFileReference; fileEncoding = 4; lastKnownFileType = sourcecode.swift; path = "Data+BLEConversion.swift"; sourceTree = "<group>"; };
		130370801FB4A80C00765E65 /* Logger.swift */ = {isa = PBXFileReference; fileEncoding = 4; lastKnownFileType = sourcecode.swift; path = Logger.swift; sourceTree = "<group>"; };
		1303708E1FB4A82300765E65 /* ExtendaBLECMMakerTests.swift */ = {isa = PBXFileReference; fileEncoding = 4; lastKnownFileType = sourcecode.swift; path = ExtendaBLECMMakerTests.swift; sourceTree = "<group>"; };
		1303708F1FB4A82300765E65 /* ExtendaBLECMReadWriteTests.swift */ = {isa = PBXFileReference; fileEncoding = 4; lastKnownFileType = sourcecode.swift; path = ExtendaBLECMReadWriteTests.swift; sourceTree = "<group>"; };
		130370911FB4A82300765E65 /* ExtendaBLEPMMakerTests.swift */ = {isa = PBXFileReference; fileEncoding = 4; lastKnownFileType = sourcecode.swift; path = ExtendaBLEPMMakerTests.swift; sourceTree = "<group>"; };
		130370921FB4A82300765E65 /* ExtendaBLEPMReadWriteTests.swift */ = {isa = PBXFileReference; fileEncoding = 4; lastKnownFileType = sourcecode.swift; path = ExtendaBLEPMReadWriteTests.swift; sourceTree = "<group>"; };
		130370931FB4A82300765E65 /* ExtendaBLETestConstants.swift */ = {isa = PBXFileReference; fileEncoding = 4; lastKnownFileType = sourcecode.swift; name = ExtendaBLETestConstants.swift; path = "../../Shared-Tests/ExtendaBLETestConstants.swift"; sourceTree = "<group>"; };
		130370991FB4A82F00765E65 /* ViewController.swift */ = {isa = PBXFileReference; fileEncoding = 4; lastKnownFileType = sourcecode.swift; name = ViewController.swift; path = ../../Shared/ViewController.swift; sourceTree = "<group>"; };
/* End PBXFileReference section */

/* Begin PBXFrameworksBuildPhase section */
		1303704B1FB4A7FF00765E65 /* Frameworks */ = {
			isa = PBXFrameworksBuildPhase;
			buildActionMask = 2147483647;
			files = (
			);
			runOnlyForDeploymentPostprocessing = 0;
		};
		1303705D1FB4A7FF00765E65 /* Frameworks */ = {
			isa = PBXFrameworksBuildPhase;
			buildActionMask = 2147483647;
			files = (
			);
			runOnlyForDeploymentPostprocessing = 0;
		};
/* End PBXFrameworksBuildPhase section */

/* Begin PBXGroup section */
		130370451FB4A7FF00765E65 = {
			isa = PBXGroup;
			children = (
				130370501FB4A7FF00765E65 /* ExtendaBLE-OSX-Demo */,
				130370631FB4A7FF00765E65 /* ExtendaBLE-OSX-DemoTests */,
				1303704F1FB4A7FF00765E65 /* Products */,
			);
			sourceTree = "<group>";
		};
		1303704F1FB4A7FF00765E65 /* Products */ = {
			isa = PBXGroup;
			children = (
				1303704E1FB4A7FF00765E65 /* ExtendaBLE-OSX-Demo.app */,
				130370601FB4A7FF00765E65 /* ExtendaBLE-OSX-DemoTests.xctest */,
			);
			name = Products;
			sourceTree = "<group>";
		};
		130370501FB4A7FF00765E65 /* ExtendaBLE-OSX-Demo */ = {
			isa = PBXGroup;
			children = (
				130370991FB4A82F00765E65 /* ViewController.swift */,
				1303706F1FB4A80C00765E65 /* Source */,
				130370511FB4A7FF00765E65 /* AppDelegate.swift */,
				130370551FB4A7FF00765E65 /* Assets.xcassets */,
				130370571FB4A7FF00765E65 /* Main.storyboard */,
				1303705A1FB4A7FF00765E65 /* Info.plist */,
				1303705B1FB4A7FF00765E65 /* ExtendaBLE_OSX_Demo.entitlements */,
			);
			path = "ExtendaBLE-OSX-Demo";
			sourceTree = "<group>";
		};
		130370631FB4A7FF00765E65 /* ExtendaBLE-OSX-DemoTests */ = {
			isa = PBXGroup;
			children = (
				1303708D1FB4A82300765E65 /* CentralManager */,
				130370931FB4A82300765E65 /* ExtendaBLETestConstants.swift */,
				130370901FB4A82300765E65 /* PeripheralManager */,
				130370661FB4A7FF00765E65 /* Info.plist */,
			);
			path = "ExtendaBLE-OSX-DemoTests";
			sourceTree = "<group>";
		};
		1303706F1FB4A80C00765E65 /* Source */ = {
			isa = PBXGroup;
			children = (
				130370701FB4A80C00765E65 /* EBMaker */,
				130370751FB4A80C00765E65 /* EBManager */,
				130370791FB4A80C00765E65 /* EBTransaction */,
				1303707B1FB4A80C00765E65 /* ExtendaBLE.swift */,
				1303707C1FB4A80C00765E65 /* Extensions */,
				1303707F1FB4A80C00765E65 /* Logger */,
			);
			name = Source;
			path = ../../../Source;
			sourceTree = "<group>";
		};
		130370701FB4A80C00765E65 /* EBMaker */ = {
			isa = PBXGroup;
			children = (
				130370711FB4A80C00765E65 /* EBCentralManagerMaker.swift */,
				130370721FB4A80C00765E65 /* EBCharacteristicMaker.swift */,
				130370731FB4A80C00765E65 /* EBPeripheralManagerMaker.swift */,
				130370741FB4A80C00765E65 /* EBServiceMaker.swift */,
			);
			path = EBMaker;
			sourceTree = "<group>";
		};
		130370751FB4A80C00765E65 /* EBManager */ = {
			isa = PBXGroup;
			children = (
				130370761FB4A80C00765E65 /* EBCentralManager.swift */,
				130370771FB4A80C00765E65 /* EBDefinitions.swift */,
				130370781FB4A80C00765E65 /* EBPeripheralManager.swift */,
			);
			path = EBManager;
			sourceTree = "<group>";
		};
		130370791FB4A80C00765E65 /* EBTransaction */ = {
			isa = PBXGroup;
			children = (
				1303707A1FB4A80C00765E65 /* EBTransaction.swift */,
			);
			path = EBTransaction;
			sourceTree = "<group>";
		};
		1303707C1FB4A80C00765E65 /* Extensions */ = {
			isa = PBXGroup;
			children = (
				1303707D1FB4A80C00765E65 /* Data+BLE.swift */,
				1303707E1FB4A80C00765E65 /* Data+BLEConversion.swift */,
			);
			path = Extensions;
			sourceTree = "<group>";
		};
		1303707F1FB4A80C00765E65 /* Logger */ = {
			isa = PBXGroup;
			children = (
				130370801FB4A80C00765E65 /* Logger.swift */,
			);
			path = Logger;
			sourceTree = "<group>";
		};
		1303708D1FB4A82300765E65 /* CentralManager */ = {
			isa = PBXGroup;
			children = (
				1303708E1FB4A82300765E65 /* ExtendaBLECMMakerTests.swift */,
				1303708F1FB4A82300765E65 /* ExtendaBLECMReadWriteTests.swift */,
			);
			name = CentralManager;
			path = "../../Shared-Tests/CentralManager";
			sourceTree = "<group>";
		};
		130370901FB4A82300765E65 /* PeripheralManager */ = {
			isa = PBXGroup;
			children = (
				130370911FB4A82300765E65 /* ExtendaBLEPMMakerTests.swift */,
				130370921FB4A82300765E65 /* ExtendaBLEPMReadWriteTests.swift */,
			);
			name = PeripheralManager;
			path = "../../Shared-Tests/PeripheralManager";
			sourceTree = "<group>";
		};
/* End PBXGroup section */

/* Begin PBXNativeTarget section */
		1303704D1FB4A7FF00765E65 /* ExtendaBLE-OSX-Demo */ = {
			isa = PBXNativeTarget;
			buildConfigurationList = 130370691FB4A7FF00765E65 /* Build configuration list for PBXNativeTarget "ExtendaBLE-OSX-Demo" */;
			buildPhases = (
				1303704A1FB4A7FF00765E65 /* Sources */,
				1303704B1FB4A7FF00765E65 /* Frameworks */,
				1303704C1FB4A7FF00765E65 /* Resources */,
			);
			buildRules = (
			);
			dependencies = (
			);
			name = "ExtendaBLE-OSX-Demo";
			productName = "ExtendaBLE-OSX-Demo";
			productReference = 1303704E1FB4A7FF00765E65 /* ExtendaBLE-OSX-Demo.app */;
			productType = "com.apple.product-type.application";
		};
		1303705F1FB4A7FF00765E65 /* ExtendaBLE-OSX-DemoTests */ = {
			isa = PBXNativeTarget;
			buildConfigurationList = 1303706C1FB4A7FF00765E65 /* Build configuration list for PBXNativeTarget "ExtendaBLE-OSX-DemoTests" */;
			buildPhases = (
				1303705C1FB4A7FF00765E65 /* Sources */,
				1303705D1FB4A7FF00765E65 /* Frameworks */,
				1303705E1FB4A7FF00765E65 /* Resources */,
			);
			buildRules = (
			);
			dependencies = (
				130370621FB4A7FF00765E65 /* PBXTargetDependency */,
			);
			name = "ExtendaBLE-OSX-DemoTests";
			productName = "ExtendaBLE-OSX-DemoTests";
			productReference = 130370601FB4A7FF00765E65 /* ExtendaBLE-OSX-DemoTests.xctest */;
			productType = "com.apple.product-type.bundle.unit-test";
		};
/* End PBXNativeTarget section */

/* Begin PBXProject section */
		130370461FB4A7FF00765E65 /* Project object */ = {
			isa = PBXProject;
			attributes = {
				LastSwiftUpdateCheck = 0910;
				LastUpgradeCheck = 0910;
				ORGANIZATIONNAME = IAGD;
				TargetAttributes = {
					1303704D1FB4A7FF00765E65 = {
						CreatedOnToolsVersion = 9.1;
						ProvisioningStyle = Automatic;
					};
					1303705F1FB4A7FF00765E65 = {
						CreatedOnToolsVersion = 9.1;
						LastSwiftMigration = 0910;
						ProvisioningStyle = Automatic;
						TestTargetID = 1303704D1FB4A7FF00765E65;
					};
				};
			};
			buildConfigurationList = 130370491FB4A7FF00765E65 /* Build configuration list for PBXProject "ExtendaBLE-OSX-Demo" */;
			compatibilityVersion = "Xcode 8.0";
			developmentRegion = en;
			hasScannedForEncodings = 0;
			knownRegions = (
				en,
				Base,
			);
			mainGroup = 130370451FB4A7FF00765E65;
			productRefGroup = 1303704F1FB4A7FF00765E65 /* Products */;
			projectDirPath = "";
			projectRoot = "";
			targets = (
				1303704D1FB4A7FF00765E65 /* ExtendaBLE-OSX-Demo */,
				1303705F1FB4A7FF00765E65 /* ExtendaBLE-OSX-DemoTests */,
			);
		};
/* End PBXProject section */

/* Begin PBXResourcesBuildPhase section */
		1303704C1FB4A7FF00765E65 /* Resources */ = {
			isa = PBXResourcesBuildPhase;
			buildActionMask = 2147483647;
			files = (
				130370561FB4A7FF00765E65 /* Assets.xcassets in Resources */,
				130370591FB4A7FF00765E65 /* Main.storyboard in Resources */,
			);
			runOnlyForDeploymentPostprocessing = 0;
		};
		1303705E1FB4A7FF00765E65 /* Resources */ = {
			isa = PBXResourcesBuildPhase;
			buildActionMask = 2147483647;
			files = (
			);
			runOnlyForDeploymentPostprocessing = 0;
		};
/* End PBXResourcesBuildPhase section */

/* Begin PBXSourcesBuildPhase section */
		1303704A1FB4A7FF00765E65 /* Sources */ = {
			isa = PBXSourcesBuildPhase;
			buildActionMask = 2147483647;
			files = (
				130370881FB4A80C00765E65 /* EBTransaction.swift in Sources */,
				130370861FB4A80C00765E65 /* EBDefinitions.swift in Sources */,
				130370851FB4A80C00765E65 /* EBCentralManager.swift in Sources */,
				130370871FB4A80C00765E65 /* EBPeripheralManager.swift in Sources */,
				1303709A1FB4A82F00765E65 /* ViewController.swift in Sources */,
				1303708A1FB4A80C00765E65 /* Data+BLE.swift in Sources */,
				1303708B1FB4A80C00765E65 /* Data+BLEConversion.swift in Sources */,
				130370521FB4A7FF00765E65 /* AppDelegate.swift in Sources */,
				130370821FB4A80C00765E65 /* EBCharacteristicMaker.swift in Sources */,
				130370831FB4A80C00765E65 /* EBPeripheralManagerMaker.swift in Sources */,
				130370891FB4A80C00765E65 /* ExtendaBLE.swift in Sources */,
				1303708C1FB4A80C00765E65 /* Logger.swift in Sources */,
				130370811FB4A80C00765E65 /* EBCentralManagerMaker.swift in Sources */,
				130370841FB4A80C00765E65 /* EBServiceMaker.swift in Sources */,
			);
			runOnlyForDeploymentPostprocessing = 0;
		};
		1303705C1FB4A7FF00765E65 /* Sources */ = {
			isa = PBXSourcesBuildPhase;
			buildActionMask = 2147483647;
			files = (
				130370971FB4A82300765E65 /* ExtendaBLEPMReadWriteTests.swift in Sources */,
				130370951FB4A82300765E65 /* ExtendaBLECMReadWriteTests.swift in Sources */,
				130370961FB4A82300765E65 /* ExtendaBLEPMMakerTests.swift in Sources */,
				130370941FB4A82300765E65 /* ExtendaBLECMMakerTests.swift in Sources */,
				130370981FB4A82300765E65 /* ExtendaBLETestConstants.swift in Sources */,
			);
			runOnlyForDeploymentPostprocessing = 0;
		};
/* End PBXSourcesBuildPhase section */

/* Begin PBXTargetDependency section */
		130370621FB4A7FF00765E65 /* PBXTargetDependency */ = {
			isa = PBXTargetDependency;
			target = 1303704D1FB4A7FF00765E65 /* ExtendaBLE-OSX-Demo */;
			targetProxy = 130370611FB4A7FF00765E65 /* PBXContainerItemProxy */;
		};
/* End PBXTargetDependency section */

/* Begin PBXVariantGroup section */
		130370571FB4A7FF00765E65 /* Main.storyboard */ = {
			isa = PBXVariantGroup;
			children = (
				130370581FB4A7FF00765E65 /* Base */,
			);
			name = Main.storyboard;
			sourceTree = "<group>";
		};
/* End PBXVariantGroup section */

/* Begin XCBuildConfiguration section */
		130370671FB4A7FF00765E65 /* Debug */ = {
			isa = XCBuildConfiguration;
			buildSettings = {
				ALWAYS_SEARCH_USER_PATHS = NO;
				CLANG_ANALYZER_NONNULL = YES;
				CLANG_ANALYZER_NUMBER_OBJECT_CONVERSION = YES_AGGRESSIVE;
				CLANG_CXX_LANGUAGE_STANDARD = "gnu++14";
				CLANG_CXX_LIBRARY = "libc++";
				CLANG_ENABLE_MODULES = YES;
				CLANG_ENABLE_OBJC_ARC = YES;
				CLANG_WARN_BLOCK_CAPTURE_AUTORELEASING = YES;
				CLANG_WARN_BOOL_CONVERSION = YES;
				CLANG_WARN_COMMA = YES;
				CLANG_WARN_CONSTANT_CONVERSION = YES;
				CLANG_WARN_DIRECT_OBJC_ISA_USAGE = YES_ERROR;
				CLANG_WARN_DOCUMENTATION_COMMENTS = YES;
				CLANG_WARN_EMPTY_BODY = YES;
				CLANG_WARN_ENUM_CONVERSION = YES;
				CLANG_WARN_INFINITE_RECURSION = YES;
				CLANG_WARN_INT_CONVERSION = YES;
				CLANG_WARN_NON_LITERAL_NULL_CONVERSION = YES;
				CLANG_WARN_OBJC_LITERAL_CONVERSION = YES;
				CLANG_WARN_OBJC_ROOT_CLASS = YES_ERROR;
				CLANG_WARN_RANGE_LOOP_ANALYSIS = YES;
				CLANG_WARN_STRICT_PROTOTYPES = YES;
				CLANG_WARN_SUSPICIOUS_MOVE = YES;
				CLANG_WARN_UNGUARDED_AVAILABILITY = YES_AGGRESSIVE;
				CLANG_WARN_UNREACHABLE_CODE = YES;
				CLANG_WARN__DUPLICATE_METHOD_MATCH = YES;
				CODE_SIGN_IDENTITY = "Mac Developer";
				COPY_PHASE_STRIP = NO;
				DEBUG_INFORMATION_FORMAT = dwarf;
				ENABLE_STRICT_OBJC_MSGSEND = YES;
				ENABLE_TESTABILITY = YES;
				GCC_C_LANGUAGE_STANDARD = gnu11;
				GCC_DYNAMIC_NO_PIC = NO;
				GCC_NO_COMMON_BLOCKS = YES;
				GCC_OPTIMIZATION_LEVEL = 0;
				GCC_PREPROCESSOR_DEFINITIONS = (
					"DEBUG=1",
					"$(inherited)",
				);
				GCC_WARN_64_TO_32_BIT_CONVERSION = YES;
				GCC_WARN_ABOUT_RETURN_TYPE = YES_ERROR;
				GCC_WARN_UNDECLARED_SELECTOR = YES;
				GCC_WARN_UNINITIALIZED_AUTOS = YES_AGGRESSIVE;
				GCC_WARN_UNUSED_FUNCTION = YES;
				GCC_WARN_UNUSED_VARIABLE = YES;
				MACOSX_DEPLOYMENT_TARGET = 10.12;
				MTL_ENABLE_DEBUG_INFO = YES;
				ONLY_ACTIVE_ARCH = YES;
				SDKROOT = macosx;
				SWIFT_ACTIVE_COMPILATION_CONDITIONS = DEBUG;
				SWIFT_OPTIMIZATION_LEVEL = "-Onone";
			};
			name = Debug;
		};
		130370681FB4A7FF00765E65 /* Release */ = {
			isa = XCBuildConfiguration;
			buildSettings = {
				ALWAYS_SEARCH_USER_PATHS = NO;
				CLANG_ANALYZER_NONNULL = YES;
				CLANG_ANALYZER_NUMBER_OBJECT_CONVERSION = YES_AGGRESSIVE;
				CLANG_CXX_LANGUAGE_STANDARD = "gnu++14";
				CLANG_CXX_LIBRARY = "libc++";
				CLANG_ENABLE_MODULES = YES;
				CLANG_ENABLE_OBJC_ARC = YES;
				CLANG_WARN_BLOCK_CAPTURE_AUTORELEASING = YES;
				CLANG_WARN_BOOL_CONVERSION = YES;
				CLANG_WARN_COMMA = YES;
				CLANG_WARN_CONSTANT_CONVERSION = YES;
				CLANG_WARN_DIRECT_OBJC_ISA_USAGE = YES_ERROR;
				CLANG_WARN_DOCUMENTATION_COMMENTS = YES;
				CLANG_WARN_EMPTY_BODY = YES;
				CLANG_WARN_ENUM_CONVERSION = YES;
				CLANG_WARN_INFINITE_RECURSION = YES;
				CLANG_WARN_INT_CONVERSION = YES;
				CLANG_WARN_NON_LITERAL_NULL_CONVERSION = YES;
				CLANG_WARN_OBJC_LITERAL_CONVERSION = YES;
				CLANG_WARN_OBJC_ROOT_CLASS = YES_ERROR;
				CLANG_WARN_RANGE_LOOP_ANALYSIS = YES;
				CLANG_WARN_STRICT_PROTOTYPES = YES;
				CLANG_WARN_SUSPICIOUS_MOVE = YES;
				CLANG_WARN_UNGUARDED_AVAILABILITY = YES_AGGRESSIVE;
				CLANG_WARN_UNREACHABLE_CODE = YES;
				CLANG_WARN__DUPLICATE_METHOD_MATCH = YES;
				CODE_SIGN_IDENTITY = "Mac Developer";
				COPY_PHASE_STRIP = NO;
				DEBUG_INFORMATION_FORMAT = "dwarf-with-dsym";
				ENABLE_NS_ASSERTIONS = NO;
				ENABLE_STRICT_OBJC_MSGSEND = YES;
				GCC_C_LANGUAGE_STANDARD = gnu11;
				GCC_NO_COMMON_BLOCKS = YES;
				GCC_WARN_64_TO_32_BIT_CONVERSION = YES;
				GCC_WARN_ABOUT_RETURN_TYPE = YES_ERROR;
				GCC_WARN_UNDECLARED_SELECTOR = YES;
				GCC_WARN_UNINITIALIZED_AUTOS = YES_AGGRESSIVE;
				GCC_WARN_UNUSED_FUNCTION = YES;
				GCC_WARN_UNUSED_VARIABLE = YES;
				MACOSX_DEPLOYMENT_TARGET = 10.12;
				MTL_ENABLE_DEBUG_INFO = NO;
				SDKROOT = macosx;
				SWIFT_OPTIMIZATION_LEVEL = "-Owholemodule";
			};
			name = Release;
		};
		1303706A1FB4A7FF00765E65 /* Debug */ = {
			isa = XCBuildConfiguration;
			buildSettings = {
				ASSETCATALOG_COMPILER_APPICON_NAME = AppIcon;
				CODE_SIGN_ENTITLEMENTS = "ExtendaBLE-OSX-Demo/ExtendaBLE_OSX_Demo.entitlements";
				CODE_SIGN_STYLE = Automatic;
				COMBINE_HIDPI_IMAGES = YES;
				DEVELOPMENT_TEAM = WQAUP4LZJV;
				INFOPLIST_FILE = "ExtendaBLE-OSX-Demo/Info.plist";
				LD_RUNPATH_SEARCH_PATHS = "$(inherited) @executable_path/../Frameworks";
				PRODUCT_BUNDLE_IDENTIFIER = "com.iagd.extendable-demo-osx.ExtendaBLE-osxDemo.ExtendaBLE-OSX-Demo";
				PRODUCT_NAME = "$(TARGET_NAME)";
				SWIFT_VERSION = 4.0;
			};
			name = Debug;
		};
		1303706B1FB4A7FF00765E65 /* Release */ = {
			isa = XCBuildConfiguration;
			buildSettings = {
				ASSETCATALOG_COMPILER_APPICON_NAME = AppIcon;
				CODE_SIGN_ENTITLEMENTS = "ExtendaBLE-OSX-Demo/ExtendaBLE_OSX_Demo.entitlements";
				CODE_SIGN_STYLE = Automatic;
				COMBINE_HIDPI_IMAGES = YES;
				DEVELOPMENT_TEAM = WQAUP4LZJV;
				INFOPLIST_FILE = "ExtendaBLE-OSX-Demo/Info.plist";
				LD_RUNPATH_SEARCH_PATHS = "$(inherited) @executable_path/../Frameworks";
				PRODUCT_BUNDLE_IDENTIFIER = "com.iagd.extendable-demo-osx.ExtendaBLE-osxDemo.ExtendaBLE-OSX-Demo";
				PRODUCT_NAME = "$(TARGET_NAME)";
				SWIFT_VERSION = 4.0;
			};
			name = Release;
		};
		1303706D1FB4A7FF00765E65 /* Debug */ = {
			isa = XCBuildConfiguration;
			buildSettings = {
				ALWAYS_EMBED_SWIFT_STANDARD_LIBRARIES = YES;
				BUNDLE_LOADER = "$(TEST_HOST)";
				CLANG_ENABLE_MODULES = YES;
				CODE_SIGN_STYLE = Automatic;
				COMBINE_HIDPI_IMAGES = YES;
				DEVELOPMENT_TEAM = WQAUP4LZJV;
				INFOPLIST_FILE = "ExtendaBLE-OSX-DemoTests/Info.plist";
				LD_RUNPATH_SEARCH_PATHS = "$(inherited) @executable_path/../Frameworks @loader_path/../Frameworks";
				PRODUCT_BUNDLE_IDENTIFIER = "com.iagd.extendable-demo-osx.ExtendaBLE-osxDemo.ExtendaBLE-OSX-DemoTests";
				PRODUCT_NAME = "$(TARGET_NAME)";
				SWIFT_OPTIMIZATION_LEVEL = "-Onone";
				SWIFT_VERSION = 4.0;
				TEST_HOST = "$(BUILT_PRODUCTS_DIR)/ExtendaBLE-OSX-Demo.app/Contents/MacOS/ExtendaBLE-OSX-Demo";
			};
			name = Debug;
		};
		1303706E1FB4A7FF00765E65 /* Release */ = {
			isa = XCBuildConfiguration;
			buildSettings = {
				ALWAYS_EMBED_SWIFT_STANDARD_LIBRARIES = YES;
				BUNDLE_LOADER = "$(TEST_HOST)";
				CLANG_ENABLE_MODULES = YES;
				CODE_SIGN_STYLE = Automatic;
				COMBINE_HIDPI_IMAGES = YES;
				DEVELOPMENT_TEAM = WQAUP4LZJV;
				INFOPLIST_FILE = "ExtendaBLE-OSX-DemoTests/Info.plist";
				LD_RUNPATH_SEARCH_PATHS = "$(inherited) @executable_path/../Frameworks @loader_path/../Frameworks";
				PRODUCT_BUNDLE_IDENTIFIER = "com.iagd.extendable-demo-osx.ExtendaBLE-osxDemo.ExtendaBLE-OSX-DemoTests";
				PRODUCT_NAME = "$(TARGET_NAME)";
				SWIFT_VERSION = 4.0;
				TEST_HOST = "$(BUILT_PRODUCTS_DIR)/ExtendaBLE-OSX-Demo.app/Contents/MacOS/ExtendaBLE-OSX-Demo";
			};
			name = Release;
		};
/* End XCBuildConfiguration section */

/* Begin XCConfigurationList section */
		130370491FB4A7FF00765E65 /* Build configuration list for PBXProject "ExtendaBLE-OSX-Demo" */ = {
			isa = XCConfigurationList;
			buildConfigurations = (
				130370671FB4A7FF00765E65 /* Debug */,
				130370681FB4A7FF00765E65 /* Release */,
			);
			defaultConfigurationIsVisible = 0;
			defaultConfigurationName = Release;
		};
		130370691FB4A7FF00765E65 /* Build configuration list for PBXNativeTarget "ExtendaBLE-OSX-Demo" */ = {
			isa = XCConfigurationList;
			buildConfigurations = (
				1303706A1FB4A7FF00765E65 /* Debug */,
				1303706B1FB4A7FF00765E65 /* Release */,
			);
			defaultConfigurationIsVisible = 0;
			defaultConfigurationName = Release;
		};
		1303706C1FB4A7FF00765E65 /* Build configuration list for PBXNativeTarget "ExtendaBLE-OSX-DemoTests" */ = {
			isa = XCConfigurationList;
			buildConfigurations = (
				1303706D1FB4A7FF00765E65 /* Debug */,
				1303706E1FB4A7FF00765E65 /* Release */,
			);
			defaultConfigurationIsVisible = 0;
			defaultConfigurationName = Release;
		};
/* End XCConfigurationList section */
	};
	rootObject = 130370461FB4A7FF00765E65 /* Project object */;
}
