// !$*UTF8*$!
{
	archiveVersion = 1;
	classes = {
	};
	objectVersion = 46;
	objects = {

/* Begin PBXBuildFile section */
		3A6F74811E8EA8CD00CDDE0B /* AppDelegate.swift in Sources */ = {isa = PBXBuildFile; fileRef = 3A6F74801E8EA8CD00CDDE0B /* AppDelegate.swift */; };
		3A6F74831E8EA8CD00CDDE0B /* ViewController.swift in Sources */ = {isa = PBXBuildFile; fileRef = 3A6F74821E8EA8CD00CDDE0B /* ViewController.swift */; };
		3A6F74851E8EA8CD00CDDE0B /* Assets.xcassets in Resources */ = {isa = PBXBuildFile; fileRef = 3A6F74841E8EA8CD00CDDE0B /* Assets.xcassets */; };
		3A6F74881E8EA8CD00CDDE0B /* Main.storyboard in Resources */ = {isa = PBXBuildFile; fileRef = 3A6F74861E8EA8CD00CDDE0B /* Main.storyboard */; };
		3A6F74B81E8EA92300CDDE0B /* EBCentralMaker.swift in Sources */ = {isa = PBXBuildFile; fileRef = 3A6F74AB1E8EA92300CDDE0B /* EBCentralMaker.swift */; };
		3A6F74B91E8EA92300CDDE0B /* EBCharacteristicMaker.swift in Sources */ = {isa = PBXBuildFile; fileRef = 3A6F74AC1E8EA92300CDDE0B /* EBCharacteristicMaker.swift */; };
		3A6F74BA1E8EA92300CDDE0B /* EBPeripheralMaker.swift in Sources */ = {isa = PBXBuildFile; fileRef = 3A6F74AD1E8EA92300CDDE0B /* EBPeripheralMaker.swift */; };
		3A6F74BB1E8EA92300CDDE0B /* EBServiceMaker.swift in Sources */ = {isa = PBXBuildFile; fileRef = 3A6F74AE1E8EA92300CDDE0B /* EBServiceMaker.swift */; };
		3A6F74BC1E8EA92300CDDE0B /* EBCentralManager.swift in Sources */ = {isa = PBXBuildFile; fileRef = 3A6F74B01E8EA92300CDDE0B /* EBCentralManager.swift */; };
		3A6F74BD1E8EA92300CDDE0B /* EBPeripheralManager.swift in Sources */ = {isa = PBXBuildFile; fileRef = 3A6F74B11E8EA92300CDDE0B /* EBPeripheralManager.swift */; };
		3A6F74BE1E8EA92300CDDE0B /* EBTransaction.swift in Sources */ = {isa = PBXBuildFile; fileRef = 3A6F74B31E8EA92300CDDE0B /* EBTransaction.swift */; };
		3A6F74BF1E8EA92300CDDE0B /* ExtendaBLE.swift in Sources */ = {isa = PBXBuildFile; fileRef = 3A6F74B41E8EA92300CDDE0B /* ExtendaBLE.swift */; };
		3A6F74C01E8EA92300CDDE0B /* Data+BLE.swift in Sources */ = {isa = PBXBuildFile; fileRef = 3A6F74B61E8EA92300CDDE0B /* Data+BLE.swift */; };
		3A6F74C11E8EA92300CDDE0B /* Data+BLEConversion.swift in Sources */ = {isa = PBXBuildFile; fileRef = 3A6F74B71E8EA92300CDDE0B /* Data+BLEConversion.swift */; };
/* End PBXBuildFile section */

/* Begin PBXFileReference section */
		3A6F747D1E8EA8CD00CDDE0B /* ExtendaBLE-OSX-Demo.app */ = {isa = PBXFileReference; explicitFileType = wrapper.application; includeInIndex = 0; path = "ExtendaBLE-OSX-Demo.app"; sourceTree = BUILT_PRODUCTS_DIR; };
		3A6F74801E8EA8CD00CDDE0B /* AppDelegate.swift */ = {isa = PBXFileReference; lastKnownFileType = sourcecode.swift; path = AppDelegate.swift; sourceTree = "<group>"; };
		3A6F74821E8EA8CD00CDDE0B /* ViewController.swift */ = {isa = PBXFileReference; lastKnownFileType = sourcecode.swift; path = ViewController.swift; sourceTree = "<group>"; };
		3A6F74841E8EA8CD00CDDE0B /* Assets.xcassets */ = {isa = PBXFileReference; lastKnownFileType = folder.assetcatalog; path = Assets.xcassets; sourceTree = "<group>"; };
		3A6F74871E8EA8CD00CDDE0B /* Base */ = {isa = PBXFileReference; lastKnownFileType = file.storyboard; name = Base; path = Base.lproj/Main.storyboard; sourceTree = "<group>"; };
		3A6F74891E8EA8CD00CDDE0B /* Info.plist */ = {isa = PBXFileReference; lastKnownFileType = text.plist.xml; path = Info.plist; sourceTree = "<group>"; };
		3A6F74AB1E8EA92300CDDE0B /* EBCentralMaker.swift */ = {isa = PBXFileReference; fileEncoding = 4; lastKnownFileType = sourcecode.swift; path = EBCentralMaker.swift; sourceTree = "<group>"; };
		3A6F74AC1E8EA92300CDDE0B /* EBCharacteristicMaker.swift */ = {isa = PBXFileReference; fileEncoding = 4; lastKnownFileType = sourcecode.swift; path = EBCharacteristicMaker.swift; sourceTree = "<group>"; };
		3A6F74AD1E8EA92300CDDE0B /* EBPeripheralMaker.swift */ = {isa = PBXFileReference; fileEncoding = 4; lastKnownFileType = sourcecode.swift; path = EBPeripheralMaker.swift; sourceTree = "<group>"; };
		3A6F74AE1E8EA92300CDDE0B /* EBServiceMaker.swift */ = {isa = PBXFileReference; fileEncoding = 4; lastKnownFileType = sourcecode.swift; path = EBServiceMaker.swift; sourceTree = "<group>"; };
		3A6F74B01E8EA92300CDDE0B /* EBCentralManager.swift */ = {isa = PBXFileReference; fileEncoding = 4; lastKnownFileType = sourcecode.swift; path = EBCentralManager.swift; sourceTree = "<group>"; };
		3A6F74B11E8EA92300CDDE0B /* EBPeripheralManager.swift */ = {isa = PBXFileReference; fileEncoding = 4; lastKnownFileType = sourcecode.swift; path = EBPeripheralManager.swift; sourceTree = "<group>"; };
		3A6F74B31E8EA92300CDDE0B /* EBTransaction.swift */ = {isa = PBXFileReference; fileEncoding = 4; lastKnownFileType = sourcecode.swift; path = EBTransaction.swift; sourceTree = "<group>"; };
		3A6F74B41E8EA92300CDDE0B /* ExtendaBLE.swift */ = {isa = PBXFileReference; fileEncoding = 4; lastKnownFileType = sourcecode.swift; path = ExtendaBLE.swift; sourceTree = "<group>"; };
		3A6F74B61E8EA92300CDDE0B /* Data+BLE.swift */ = {isa = PBXFileReference; fileEncoding = 4; lastKnownFileType = sourcecode.swift; path = "Data+BLE.swift"; sourceTree = "<group>"; };
		3A6F74B71E8EA92300CDDE0B /* Data+BLEConversion.swift */ = {isa = PBXFileReference; fileEncoding = 4; lastKnownFileType = sourcecode.swift; path = "Data+BLEConversion.swift"; sourceTree = "<group>"; };
/* End PBXFileReference section */

/* Begin PBXFrameworksBuildPhase section */
		3A6F747A1E8EA8CD00CDDE0B /* Frameworks */ = {
			isa = PBXFrameworksBuildPhase;
			buildActionMask = 2147483647;
			files = (
			);
			runOnlyForDeploymentPostprocessing = 0;
		};
/* End PBXFrameworksBuildPhase section */

/* Begin PBXGroup section */
		3A6F74741E8EA8CD00CDDE0B = {
			isa = PBXGroup;
			children = (
				3A6F74A91E8EA92300CDDE0B /* Source */,
				3A6F747F1E8EA8CD00CDDE0B /* ExtendaBLE-OSX-Demo */,
				3A6F747E1E8EA8CD00CDDE0B /* Products */,
			);
			sourceTree = "<group>";
		};
		3A6F747E1E8EA8CD00CDDE0B /* Products */ = {
			isa = PBXGroup;
			children = (
				3A6F747D1E8EA8CD00CDDE0B /* ExtendaBLE-OSX-Demo.app */,
			);
			name = Products;
			sourceTree = "<group>";
		};
		3A6F747F1E8EA8CD00CDDE0B /* ExtendaBLE-OSX-Demo */ = {
			isa = PBXGroup;
			children = (
				3A6F74801E8EA8CD00CDDE0B /* AppDelegate.swift */,
				3A6F74821E8EA8CD00CDDE0B /* ViewController.swift */,
				3A6F748F1E8EA8F800CDDE0B /* SupportingFiles */,
			);
			path = "ExtendaBLE-OSX-Demo";
			sourceTree = "<group>";
		};
		3A6F748F1E8EA8F800CDDE0B /* SupportingFiles */ = {
			isa = PBXGroup;
			children = (
				3A6F74841E8EA8CD00CDDE0B /* Assets.xcassets */,
				3A6F74861E8EA8CD00CDDE0B /* Main.storyboard */,
				3A6F74891E8EA8CD00CDDE0B /* Info.plist */,
			);
			name = SupportingFiles;
			sourceTree = "<group>";
		};
		3A6F74A91E8EA92300CDDE0B /* Source */ = {
			isa = PBXGroup;
			children = (
				3A6F74B41E8EA92300CDDE0B /* ExtendaBLE.swift */,
				3A6F74AF1E8EA92300CDDE0B /* EBManager */,
				3A6F74AA1E8EA92300CDDE0B /* EBMaker */,
				3A6F74B21E8EA92300CDDE0B /* EBTransaction */,
				3A6F74B51E8EA92300CDDE0B /* Extensions */,
			);
			name = Source;
			path = ../../Source;
			sourceTree = "<group>";
		};
		3A6F74AA1E8EA92300CDDE0B /* EBMaker */ = {
			isa = PBXGroup;
			children = (
				3A6F74AB1E8EA92300CDDE0B /* EBCentralMaker.swift */,
				3A6F74AC1E8EA92300CDDE0B /* EBCharacteristicMaker.swift */,
				3A6F74AD1E8EA92300CDDE0B /* EBPeripheralMaker.swift */,
				3A6F74AE1E8EA92300CDDE0B /* EBServiceMaker.swift */,
			);
			path = EBMaker;
			sourceTree = "<group>";
		};
		3A6F74AF1E8EA92300CDDE0B /* EBManager */ = {
			isa = PBXGroup;
			children = (
				3A6F74B01E8EA92300CDDE0B /* EBCentralManager.swift */,
				3A6F74B11E8EA92300CDDE0B /* EBPeripheralManager.swift */,
			);
			path = EBManager;
			sourceTree = "<group>";
		};
		3A6F74B21E8EA92300CDDE0B /* EBTransaction */ = {
			isa = PBXGroup;
			children = (
				3A6F74B31E8EA92300CDDE0B /* EBTransaction.swift */,
			);
			path = EBTransaction;
			sourceTree = "<group>";
		};
		3A6F74B51E8EA92300CDDE0B /* Extensions */ = {
			isa = PBXGroup;
			children = (
				3A6F74B61E8EA92300CDDE0B /* Data+BLE.swift */,
				3A6F74B71E8EA92300CDDE0B /* Data+BLEConversion.swift */,
			);
			path = Extensions;
			sourceTree = "<group>";
		};
/* End PBXGroup section */

/* Begin PBXNativeTarget section */
		3A6F747C1E8EA8CD00CDDE0B /* ExtendaBLE-OSX-Demo */ = {
			isa = PBXNativeTarget;
			buildConfigurationList = 3A6F748C1E8EA8CD00CDDE0B /* Build configuration list for PBXNativeTarget "ExtendaBLE-OSX-Demo" */;
			buildPhases = (
				3A6F74791E8EA8CD00CDDE0B /* Sources */,
				3A6F747A1E8EA8CD00CDDE0B /* Frameworks */,
				3A6F747B1E8EA8CD00CDDE0B /* Resources */,
			);
			buildRules = (
			);
			dependencies = (
			);
			name = "ExtendaBLE-OSX-Demo";
			productName = "ExtendaBLE-OSX-Demo";
			productReference = 3A6F747D1E8EA8CD00CDDE0B /* ExtendaBLE-OSX-Demo.app */;
			productType = "com.apple.product-type.application";
		};
/* End PBXNativeTarget section */

/* Begin PBXProject section */
		3A6F74751E8EA8CD00CDDE0B /* Project object */ = {
			isa = PBXProject;
			attributes = {
				LastSwiftUpdateCheck = 0830;
				LastUpgradeCheck = 0830;
				ORGANIZATIONNAME = "Anton Doudarev";
				TargetAttributes = {
					3A6F747C1E8EA8CD00CDDE0B = {
						CreatedOnToolsVersion = 8.3;
						DevelopmentTeam = WQAUP4LZJV;
						ProvisioningStyle = Automatic;
					};
				};
			};
			buildConfigurationList = 3A6F74781E8EA8CD00CDDE0B /* Build configuration list for PBXProject "ExtendaBLE-OSX-Demo" */;
			compatibilityVersion = "Xcode 3.2";
			developmentRegion = English;
			hasScannedForEncodings = 0;
			knownRegions = (
				en,
				Base,
			);
			mainGroup = 3A6F74741E8EA8CD00CDDE0B;
			productRefGroup = 3A6F747E1E8EA8CD00CDDE0B /* Products */;
			projectDirPath = "";
			projectRoot = "";
			targets = (
				3A6F747C1E8EA8CD00CDDE0B /* ExtendaBLE-OSX-Demo */,
			);
		};
/* End PBXProject section */

/* Begin PBXResourcesBuildPhase section */
		3A6F747B1E8EA8CD00CDDE0B /* Resources */ = {
			isa = PBXResourcesBuildPhase;
			buildActionMask = 2147483647;
			files = (
				3A6F74851E8EA8CD00CDDE0B /* Assets.xcassets in Resources */,
				3A6F74881E8EA8CD00CDDE0B /* Main.storyboard in Resources */,
			);
			runOnlyForDeploymentPostprocessing = 0;
		};
/* End PBXResourcesBuildPhase section */

/* Begin PBXSourcesBuildPhase section */
		3A6F74791E8EA8CD00CDDE0B /* Sources */ = {
			isa = PBXSourcesBuildPhase;
			buildActionMask = 2147483647;
			files = (
				3A6F74831E8EA8CD00CDDE0B /* ViewController.swift in Sources */,
				3A6F74C11E8EA92300CDDE0B /* Data+BLEConversion.swift in Sources */,
				3A6F74BF1E8EA92300CDDE0B /* ExtendaBLE.swift in Sources */,
				3A6F74BC1E8EA92300CDDE0B /* EBCentralManager.swift in Sources */,
				3A6F74BE1E8EA92300CDDE0B /* EBTransaction.swift in Sources */,
				3A6F74C01E8EA92300CDDE0B /* Data+BLE.swift in Sources */,
				3A6F74BD1E8EA92300CDDE0B /* EBPeripheralManager.swift in Sources */,
				3A6F74B81E8EA92300CDDE0B /* EBCentralMaker.swift in Sources */,
				3A6F74B91E8EA92300CDDE0B /* EBCharacteristicMaker.swift in Sources */,
				3A6F74BA1E8EA92300CDDE0B /* EBPeripheralMaker.swift in Sources */,
				3A6F74811E8EA8CD00CDDE0B /* AppDelegate.swift in Sources */,
				3A6F74BB1E8EA92300CDDE0B /* EBServiceMaker.swift in Sources */,
			);
			runOnlyForDeploymentPostprocessing = 0;
		};
/* End PBXSourcesBuildPhase section */

/* Begin PBXVariantGroup section */
		3A6F74861E8EA8CD00CDDE0B /* Main.storyboard */ = {
			isa = PBXVariantGroup;
			children = (
				3A6F74871E8EA8CD00CDDE0B /* Base */,
			);
			name = Main.storyboard;
			sourceTree = "<group>";
		};
/* End PBXVariantGroup section */

/* Begin XCBuildConfiguration section */
		3A6F748A1E8EA8CD00CDDE0B /* Debug */ = {
			isa = XCBuildConfiguration;
			buildSettings = {
				ALWAYS_SEARCH_USER_PATHS = NO;
				CLANG_ANALYZER_NONNULL = YES;
				CLANG_ANALYZER_NUMBER_OBJECT_CONVERSION = YES_AGGRESSIVE;
				CLANG_CXX_LANGUAGE_STANDARD = "gnu++0x";
				CLANG_CXX_LIBRARY = "libc++";
				CLANG_ENABLE_MODULES = YES;
				CLANG_ENABLE_OBJC_ARC = YES;
				CLANG_WARN_BOOL_CONVERSION = YES;
				CLANG_WARN_CONSTANT_CONVERSION = YES;
				CLANG_WARN_DIRECT_OBJC_ISA_USAGE = YES_ERROR;
				CLANG_WARN_DOCUMENTATION_COMMENTS = YES;
				CLANG_WARN_EMPTY_BODY = YES;
				CLANG_WARN_ENUM_CONVERSION = YES;
				CLANG_WARN_INFINITE_RECURSION = YES;
				CLANG_WARN_INT_CONVERSION = YES;
				CLANG_WARN_OBJC_ROOT_CLASS = YES_ERROR;
				CLANG_WARN_SUSPICIOUS_MOVE = YES;
				CLANG_WARN_UNREACHABLE_CODE = YES;
				CLANG_WARN__DUPLICATE_METHOD_MATCH = YES;
				CODE_SIGN_IDENTITY = "-";
				COPY_PHASE_STRIP = NO;
				DEBUG_INFORMATION_FORMAT = dwarf;
				ENABLE_STRICT_OBJC_MSGSEND = YES;
				ENABLE_TESTABILITY = YES;
				GCC_C_LANGUAGE_STANDARD = gnu99;
				GCC_DYNAMIC_NO_PIC = NO;
				GCC_NO_COMMON_BLOCKS = YES;
				GCC_OPTIMIZATION_LEVEL = 0;
				GCC_PREPROCESSOR_DEFINITIONS = (
					"DEBUG=1",
					"$(inherited)",
				);
				GCC_WARN_64_TO_32_BIT_CONVERSION = YES;
				GCC_WARN_ABOUT_RETURN_TYPE = YES_ERROR;
				GCC_WARN_UNDECLARED_SELECTOR = YES;
				GCC_WARN_UNINITIALIZED_AUTOS = YES_AGGRESSIVE;
				GCC_WARN_UNUSED_FUNCTION = YES;
				GCC_WARN_UNUSED_VARIABLE = YES;
				MACOSX_DEPLOYMENT_TARGET = 10.12;
				MTL_ENABLE_DEBUG_INFO = YES;
				ONLY_ACTIVE_ARCH = YES;
				SDKROOT = macosx;
				SWIFT_ACTIVE_COMPILATION_CONDITIONS = DEBUG;
				SWIFT_OPTIMIZATION_LEVEL = "-Onone";
			};
			name = Debug;
		};
		3A6F748B1E8EA8CD00CDDE0B /* Release */ = {
			isa = XCBuildConfiguration;
			buildSettings = {
				ALWAYS_SEARCH_USER_PATHS = NO;
				CLANG_ANALYZER_NONNULL = YES;
				CLANG_ANALYZER_NUMBER_OBJECT_CONVERSION = YES_AGGRESSIVE;
				CLANG_CXX_LANGUAGE_STANDARD = "gnu++0x";
				CLANG_CXX_LIBRARY = "libc++";
				CLANG_ENABLE_MODULES = YES;
				CLANG_ENABLE_OBJC_ARC = YES;
				CLANG_WARN_BOOL_CONVERSION = YES;
				CLANG_WARN_CONSTANT_CONVERSION = YES;
				CLANG_WARN_DIRECT_OBJC_ISA_USAGE = YES_ERROR;
				CLANG_WARN_DOCUMENTATION_COMMENTS = YES;
				CLANG_WARN_EMPTY_BODY = YES;
				CLANG_WARN_ENUM_CONVERSION = YES;
				CLANG_WARN_INFINITE_RECURSION = YES;
				CLANG_WARN_INT_CONVERSION = YES;
				CLANG_WARN_OBJC_ROOT_CLASS = YES_ERROR;
				CLANG_WARN_SUSPICIOUS_MOVE = YES;
				CLANG_WARN_UNREACHABLE_CODE = YES;
				CLANG_WARN__DUPLICATE_METHOD_MATCH = YES;
				CODE_SIGN_IDENTITY = "-";
				COPY_PHASE_STRIP = NO;
				DEBUG_INFORMATION_FORMAT = "dwarf-with-dsym";
				ENABLE_NS_ASSERTIONS = NO;
				ENABLE_STRICT_OBJC_MSGSEND = YES;
				GCC_C_LANGUAGE_STANDARD = gnu99;
				GCC_NO_COMMON_BLOCKS = YES;
				GCC_WARN_64_TO_32_BIT_CONVERSION = YES;
				GCC_WARN_ABOUT_RETURN_TYPE = YES_ERROR;
				GCC_WARN_UNDECLARED_SELECTOR = YES;
				GCC_WARN_UNINITIALIZED_AUTOS = YES_AGGRESSIVE;
				GCC_WARN_UNUSED_FUNCTION = YES;
				GCC_WARN_UNUSED_VARIABLE = YES;
				MACOSX_DEPLOYMENT_TARGET = 10.12;
				MTL_ENABLE_DEBUG_INFO = NO;
				SDKROOT = macosx;
				SWIFT_OPTIMIZATION_LEVEL = "-Owholemodule";
			};
			name = Release;
		};
		3A6F748D1E8EA8CD00CDDE0B /* Debug */ = {
			isa = XCBuildConfiguration;
			buildSettings = {
				ASSETCATALOG_COMPILER_APPICON_NAME = AppIcon;
				CODE_SIGN_IDENTITY = "Mac Developer";
				COMBINE_HIDPI_IMAGES = YES;
				DEVELOPMENT_TEAM = WQAUP4LZJV;
				INFOPLIST_FILE = "ExtendaBLE-OSX-Demo/Info.plist";
				LD_RUNPATH_SEARCH_PATHS = "$(inherited) @executable_path/../Frameworks";
				MACOSX_DEPLOYMENT_TARGET = 10.12;
				PRODUCT_BUNDLE_IDENTIFIER = "com.iagd.extendable-demo-OSX.ExtendaBLE-OSX-Demo";
				PRODUCT_NAME = "$(TARGET_NAME)";
				PROVISIONING_PROFILE_SPECIFIER = "";
				SWIFT_VERSION = 3.0;
			};
			name = Debug;
		};
		3A6F748E1E8EA8CD00CDDE0B /* Release */ = {
			isa = XCBuildConfiguration;
			buildSettings = {
				ASSETCATALOG_COMPILER_APPICON_NAME = AppIcon;
				CODE_SIGN_IDENTITY = "Mac Developer";
				COMBINE_HIDPI_IMAGES = YES;
				DEVELOPMENT_TEAM = WQAUP4LZJV;
				INFOPLIST_FILE = "ExtendaBLE-OSX-Demo/Info.plist";
				LD_RUNPATH_SEARCH_PATHS = "$(inherited) @executable_path/../Frameworks";
				MACOSX_DEPLOYMENT_TARGET = 10.12;
				PRODUCT_BUNDLE_IDENTIFIER = "com.iagd.extendable-demo-OSX.ExtendaBLE-OSX-Demo";
				PRODUCT_NAME = "$(TARGET_NAME)";
				PROVISIONING_PROFILE_SPECIFIER = "";
				SWIFT_VERSION = 3.0;
			};
			name = Release;
		};
/* End XCBuildConfiguration section */

/* Begin XCConfigurationList section */
		3A6F74781E8EA8CD00CDDE0B /* Build configuration list for PBXProject "ExtendaBLE-OSX-Demo" */ = {
			isa = XCConfigurationList;
			buildConfigurations = (
				3A6F748A1E8EA8CD00CDDE0B /* Debug */,
				3A6F748B1E8EA8CD00CDDE0B /* Release */,
			);
			defaultConfigurationIsVisible = 0;
			defaultConfigurationName = Release;
		};
		3A6F748C1E8EA8CD00CDDE0B /* Build configuration list for PBXNativeTarget "ExtendaBLE-OSX-Demo" */ = {
			isa = XCConfigurationList;
			buildConfigurations = (
				3A6F748D1E8EA8CD00CDDE0B /* Debug */,
				3A6F748E1E8EA8CD00CDDE0B /* Release */,
			);
			defaultConfigurationIsVisible = 0;
			defaultConfigurationName = Release;
		};
/* End XCConfigurationList section */
	};
	rootObject = 3A6F74751E8EA8CD00CDDE0B /* Project object */;
}
